// !$*UTF8*$!
{
	archiveVersion = 1;
	classes = {
	};
	objectVersion = 50;
	objects = {

/* Begin PBXBuildFile section */
		975087652465EC8500F75C5F /* AppDelegate.swift in Sources */ = {isa = PBXBuildFile; fileRef = 975087642465EC8500F75C5F /* AppDelegate.swift */; };
		975087672465EC8500F75C5F /* SceneDelegate.swift in Sources */ = {isa = PBXBuildFile; fileRef = 975087662465EC8500F75C5F /* SceneDelegate.swift */; };
		975087692465EC8500F75C5F /* ViewController.swift in Sources */ = {isa = PBXBuildFile; fileRef = 975087682465EC8500F75C5F /* ViewController.swift */; };
		9750876C2465EC8500F75C5F /* Main.storyboard in Resources */ = {isa = PBXBuildFile; fileRef = 9750876A2465EC8500F75C5F /* Main.storyboard */; };
		9750876E2465EC8700F75C5F /* Assets.xcassets in Resources */ = {isa = PBXBuildFile; fileRef = 9750876D2465EC8700F75C5F /* Assets.xcassets */; };
		975087712465EC8700F75C5F /* LaunchScreen.storyboard in Resources */ = {isa = PBXBuildFile; fileRef = 9750876F2465EC8700F75C5F /* LaunchScreen.storyboard */; };
		9750877C2465EC8800F75C5F /* UdderTests.swift in Sources */ = {isa = PBXBuildFile; fileRef = 9750877B2465EC8800F75C5F /* UdderTests.swift */; };
		975087872465EC8800F75C5F /* UdderUITests.swift in Sources */ = {isa = PBXBuildFile; fileRef = 975087862465EC8800F75C5F /* UdderUITests.swift */; };
/* End PBXBuildFile section */

/* Begin PBXContainerItemProxy section */
		975087782465EC8800F75C5F /* PBXContainerItemProxy */ = {
			isa = PBXContainerItemProxy;
			containerPortal = 975087592465EC8500F75C5F /* Project object */;
			proxyType = 1;
			remoteGlobalIDString = 975087602465EC8500F75C5F;
			remoteInfo = Udder;
		};
		975087832465EC8800F75C5F /* PBXContainerItemProxy */ = {
			isa = PBXContainerItemProxy;
			containerPortal = 975087592465EC8500F75C5F /* Project object */;
			proxyType = 1;
			remoteGlobalIDString = 975087602465EC8500F75C5F;
			remoteInfo = Udder;
		};
/* End PBXContainerItemProxy section */

/* Begin PBXFileReference section */
		975087612465EC8500F75C5F /* Udder.app */ = {isa = PBXFileReference; explicitFileType = wrapper.application; includeInIndex = 0; path = Udder.app; sourceTree = BUILT_PRODUCTS_DIR; };
		975087642465EC8500F75C5F /* AppDelegate.swift */ = {isa = PBXFileReference; lastKnownFileType = sourcecode.swift; path = AppDelegate.swift; sourceTree = "<group>"; };
		975087662465EC8500F75C5F /* SceneDelegate.swift */ = {isa = PBXFileReference; lastKnownFileType = sourcecode.swift; path = SceneDelegate.swift; sourceTree = "<group>"; };
		975087682465EC8500F75C5F /* ViewController.swift */ = {isa = PBXFileReference; lastKnownFileType = sourcecode.swift; path = ViewController.swift; sourceTree = "<group>"; };
		9750876B2465EC8500F75C5F /* Base */ = {isa = PBXFileReference; lastKnownFileType = file.storyboard; name = Base; path = Base.lproj/Main.storyboard; sourceTree = "<group>"; };
		9750876D2465EC8700F75C5F /* Assets.xcassets */ = {isa = PBXFileReference; lastKnownFileType = folder.assetcatalog; path = Assets.xcassets; sourceTree = "<group>"; };
		975087702465EC8700F75C5F /* Base */ = {isa = PBXFileReference; lastKnownFileType = file.storyboard; name = Base; path = Base.lproj/LaunchScreen.storyboard; sourceTree = "<group>"; };
		975087722465EC8700F75C5F /* Info.plist */ = {isa = PBXFileReference; lastKnownFileType = text.plist.xml; path = Info.plist; sourceTree = "<group>"; };
		975087772465EC8800F75C5F /* UdderTests.xctest */ = {isa = PBXFileReference; explicitFileType = wrapper.cfbundle; includeInIndex = 0; path = UdderTests.xctest; sourceTree = BUILT_PRODUCTS_DIR; };
		9750877B2465EC8800F75C5F /* UdderTests.swift */ = {isa = PBXFileReference; lastKnownFileType = sourcecode.swift; path = UdderTests.swift; sourceTree = "<group>"; };
		9750877D2465EC8800F75C5F /* Info.plist */ = {isa = PBXFileReference; lastKnownFileType = text.plist.xml; path = Info.plist; sourceTree = "<group>"; };
		975087822465EC8800F75C5F /* UdderUITests.xctest */ = {isa = PBXFileReference; explicitFileType = wrapper.cfbundle; includeInIndex = 0; path = UdderUITests.xctest; sourceTree = BUILT_PRODUCTS_DIR; };
		975087862465EC8800F75C5F /* UdderUITests.swift */ = {isa = PBXFileReference; lastKnownFileType = sourcecode.swift; path = UdderUITests.swift; sourceTree = "<group>"; };
		975087882465EC8800F75C5F /* Info.plist */ = {isa = PBXFileReference; lastKnownFileType = text.plist.xml; path = Info.plist; sourceTree = "<group>"; };
/* End PBXFileReference section */

/* Begin PBXFrameworksBuildPhase section */
		9750875E2465EC8500F75C5F /* Frameworks */ = {
			isa = PBXFrameworksBuildPhase;
			buildActionMask = 2147483647;
			files = (
			);
			runOnlyForDeploymentPostprocessing = 0;
		};
		975087742465EC8800F75C5F /* Frameworks */ = {
			isa = PBXFrameworksBuildPhase;
			buildActionMask = 2147483647;
			files = (
			);
			runOnlyForDeploymentPostprocessing = 0;
		};
		9750877F2465EC8800F75C5F /* Frameworks */ = {
			isa = PBXFrameworksBuildPhase;
			buildActionMask = 2147483647;
			files = (
			);
			runOnlyForDeploymentPostprocessing = 0;
		};
/* End PBXFrameworksBuildPhase section */

/* Begin PBXGroup section */
		975087582465EC8500F75C5F = {
			isa = PBXGroup;
			children = (
				975087632465EC8500F75C5F /* Udder */,
				9750877A2465EC8800F75C5F /* UdderTests */,
				975087852465EC8800F75C5F /* UdderUITests */,
				975087622465EC8500F75C5F /* Products */,
			);
			sourceTree = "<group>";
		};
		975087622465EC8500F75C5F /* Products */ = {
			isa = PBXGroup;
			children = (
				975087612465EC8500F75C5F /* Udder.app */,
				975087772465EC8800F75C5F /* UdderTests.xctest */,
				975087822465EC8800F75C5F /* UdderUITests.xctest */,
			);
			name = Products;
			sourceTree = "<group>";
		};
		975087632465EC8500F75C5F /* Udder */ = {
			isa = PBXGroup;
			children = (
				975087642465EC8500F75C5F /* AppDelegate.swift */,
				975087662465EC8500F75C5F /* SceneDelegate.swift */,
				975087682465EC8500F75C5F /* ViewController.swift */,
				9750876A2465EC8500F75C5F /* Main.storyboard */,
				9750876D2465EC8700F75C5F /* Assets.xcassets */,
				9750876F2465EC8700F75C5F /* LaunchScreen.storyboard */,
				975087722465EC8700F75C5F /* Info.plist */,
			);
			path = Udder;
			sourceTree = "<group>";
		};
		9750877A2465EC8800F75C5F /* UdderTests */ = {
			isa = PBXGroup;
			children = (
				9750877B2465EC8800F75C5F /* UdderTests.swift */,
				9750877D2465EC8800F75C5F /* Info.plist */,
			);
			path = UdderTests;
			sourceTree = "<group>";
		};
		975087852465EC8800F75C5F /* UdderUITests */ = {
			isa = PBXGroup;
			children = (
				975087862465EC8800F75C5F /* UdderUITests.swift */,
				975087882465EC8800F75C5F /* Info.plist */,
			);
			path = UdderUITests;
			sourceTree = "<group>";
		};
/* End PBXGroup section */

/* Begin PBXNativeTarget section */
		975087602465EC8500F75C5F /* Udder */ = {
			isa = PBXNativeTarget;
			buildConfigurationList = 9750878B2465EC8800F75C5F /* Build configuration list for PBXNativeTarget "Udder" */;
			buildPhases = (
				9750875D2465EC8500F75C5F /* Sources */,
				9750875E2465EC8500F75C5F /* Frameworks */,
				9750875F2465EC8500F75C5F /* Resources */,
			);
			buildRules = (
			);
			dependencies = (
			);
			name = Udder;
			productName = Udder;
			productReference = 975087612465EC8500F75C5F /* Udder.app */;
			productType = "com.apple.product-type.application";
		};
		975087762465EC8800F75C5F /* UdderTests */ = {
			isa = PBXNativeTarget;
			buildConfigurationList = 9750878E2465EC8800F75C5F /* Build configuration list for PBXNativeTarget "UdderTests" */;
			buildPhases = (
				975087732465EC8800F75C5F /* Sources */,
				975087742465EC8800F75C5F /* Frameworks */,
				975087752465EC8800F75C5F /* Resources */,
			);
			buildRules = (
			);
			dependencies = (
				975087792465EC8800F75C5F /* PBXTargetDependency */,
			);
			name = UdderTests;
			productName = UdderTests;
			productReference = 975087772465EC8800F75C5F /* UdderTests.xctest */;
			productType = "com.apple.product-type.bundle.unit-test";
		};
		975087812465EC8800F75C5F /* UdderUITests */ = {
			isa = PBXNativeTarget;
			buildConfigurationList = 975087912465EC8800F75C5F /* Build configuration list for PBXNativeTarget "UdderUITests" */;
			buildPhases = (
				9750877E2465EC8800F75C5F /* Sources */,
				9750877F2465EC8800F75C5F /* Frameworks */,
				975087802465EC8800F75C5F /* Resources */,
			);
			buildRules = (
			);
			dependencies = (
				975087842465EC8800F75C5F /* PBXTargetDependency */,
			);
			name = UdderUITests;
			productName = UdderUITests;
			productReference = 975087822465EC8800F75C5F /* UdderUITests.xctest */;
			productType = "com.apple.product-type.bundle.ui-testing";
		};
/* End PBXNativeTarget section */

/* Begin PBXProject section */
		975087592465EC8500F75C5F /* Project object */ = {
			isa = PBXProject;
			attributes = {
				LastSwiftUpdateCheck = 1140;
				LastUpgradeCheck = 1140;
				ORGANIZATIONNAME = user168756;
				TargetAttributes = {
					975087602465EC8500F75C5F = {
						CreatedOnToolsVersion = 11.4.1;
					};
					975087762465EC8800F75C5F = {
						CreatedOnToolsVersion = 11.4.1;
						TestTargetID = 975087602465EC8500F75C5F;
					};
					975087812465EC8800F75C5F = {
						CreatedOnToolsVersion = 11.4.1;
						TestTargetID = 975087602465EC8500F75C5F;
					};
				};
			};
			buildConfigurationList = 9750875C2465EC8500F75C5F /* Build configuration list for PBXProject "Udder" */;
			compatibilityVersion = "Xcode 9.3";
			developmentRegion = en;
			hasScannedForEncodings = 0;
			knownRegions = (
				en,
				Base,
			);
			mainGroup = 975087582465EC8500F75C5F;
			productRefGroup = 975087622465EC8500F75C5F /* Products */;
			projectDirPath = "";
			projectRoot = "";
			targets = (
				975087602465EC8500F75C5F /* Udder */,
				975087762465EC8800F75C5F /* UdderTests */,
				975087812465EC8800F75C5F /* UdderUITests */,
			);
		};
/* End PBXProject section */

/* Begin PBXResourcesBuildPhase section */
		9750875F2465EC8500F75C5F /* Resources */ = {
			isa = PBXResourcesBuildPhase;
			buildActionMask = 2147483647;
			files = (
				975087712465EC8700F75C5F /* LaunchScreen.storyboard in Resources */,
				9750876E2465EC8700F75C5F /* Assets.xcassets in Resources */,
				9750876C2465EC8500F75C5F /* Main.storyboard in Resources */,
			);
			runOnlyForDeploymentPostprocessing = 0;
		};
		975087752465EC8800F75C5F /* Resources */ = {
			isa = PBXResourcesBuildPhase;
			buildActionMask = 2147483647;
			files = (
			);
			runOnlyForDeploymentPostprocessing = 0;
		};
		975087802465EC8800F75C5F /* Resources */ = {
			isa = PBXResourcesBuildPhase;
			buildActionMask = 2147483647;
			files = (
			);
			runOnlyForDeploymentPostprocessing = 0;
		};
/* End PBXResourcesBuildPhase section */

/* Begin PBXSourcesBuildPhase section */
		9750875D2465EC8500F75C5F /* Sources */ = {
			isa = PBXSourcesBuildPhase;
			buildActionMask = 2147483647;
			files = (
				975087692465EC8500F75C5F /* ViewController.swift in Sources */,
				975087652465EC8500F75C5F /* AppDelegate.swift in Sources */,
				975087672465EC8500F75C5F /* SceneDelegate.swift in Sources */,
			);
			runOnlyForDeploymentPostprocessing = 0;
		};
		975087732465EC8800F75C5F /* Sources */ = {
			isa = PBXSourcesBuildPhase;
			buildActionMask = 2147483647;
			files = (
				9750877C2465EC8800F75C5F /* UdderTests.swift in Sources */,
			);
			runOnlyForDeploymentPostprocessing = 0;
		};
		9750877E2465EC8800F75C5F /* Sources */ = {
			isa = PBXSourcesBuildPhase;
			buildActionMask = 2147483647;
			files = (
				975087872465EC8800F75C5F /* UdderUITests.swift in Sources */,
			);
			runOnlyForDeploymentPostprocessing = 0;
		};
/* End PBXSourcesBuildPhase section */

/* Begin PBXTargetDependency section */
		975087792465EC8800F75C5F /* PBXTargetDependency */ = {
			isa = PBXTargetDependency;
			target = 975087602465EC8500F75C5F /* Udder */;
			targetProxy = 975087782465EC8800F75C5F /* PBXContainerItemProxy */;
		};
		975087842465EC8800F75C5F /* PBXTargetDependency */ = {
			isa = PBXTargetDependency;
			target = 975087602465EC8500F75C5F /* Udder */;
			targetProxy = 975087832465EC8800F75C5F /* PBXContainerItemProxy */;
		};
/* End PBXTargetDependency section */

/* Begin PBXVariantGroup section */
		9750876A2465EC8500F75C5F /* Main.storyboard */ = {
			isa = PBXVariantGroup;
			children = (
				9750876B2465EC8500F75C5F /* Base */,
			);
			name = Main.storyboard;
			sourceTree = "<group>";
		};
		9750876F2465EC8700F75C5F /* LaunchScreen.storyboard */ = {
			isa = PBXVariantGroup;
			children = (
				975087702465EC8700F75C5F /* Base */,
			);
			name = LaunchScreen.storyboard;
			sourceTree = "<group>";
		};
/* End PBXVariantGroup section */

/* Begin XCBuildConfiguration section */
		975087892465EC8800F75C5F /* Debug */ = {
			isa = XCBuildConfiguration;
			buildSettings = {
				ALWAYS_SEARCH_USER_PATHS = NO;
				CLANG_ANALYZER_NONNULL = YES;
				CLANG_ANALYZER_NUMBER_OBJECT_CONVERSION = YES_AGGRESSIVE;
				CLANG_CXX_LANGUAGE_STANDARD = "gnu++14";
				CLANG_CXX_LIBRARY = "libc++";
				CLANG_ENABLE_MODULES = YES;
				CLANG_ENABLE_OBJC_ARC = YES;
				CLANG_ENABLE_OBJC_WEAK = YES;
				CLANG_WARN_BLOCK_CAPTURE_AUTORELEASING = YES;
				CLANG_WARN_BOOL_CONVERSION = YES;
				CLANG_WARN_COMMA = YES;
				CLANG_WARN_CONSTANT_CONVERSION = YES;
				CLANG_WARN_DEPRECATED_OBJC_IMPLEMENTATIONS = YES;
				CLANG_WARN_DIRECT_OBJC_ISA_USAGE = YES_ERROR;
				CLANG_WARN_DOCUMENTATION_COMMENTS = YES;
				CLANG_WARN_EMPTY_BODY = YES;
				CLANG_WARN_ENUM_CONVERSION = YES;
				CLANG_WARN_INFINITE_RECURSION = YES;
				CLANG_WARN_INT_CONVERSION = YES;
				CLANG_WARN_NON_LITERAL_NULL_CONVERSION = YES;
				CLANG_WARN_OBJC_IMPLICIT_RETAIN_SELF = YES;
				CLANG_WARN_OBJC_LITERAL_CONVERSION = YES;
				CLANG_WARN_OBJC_ROOT_CLASS = YES_ERROR;
				CLANG_WARN_RANGE_LOOP_ANALYSIS = YES;
				CLANG_WARN_STRICT_PROTOTYPES = YES;
				CLANG_WARN_SUSPICIOUS_MOVE = YES;
				CLANG_WARN_UNGUARDED_AVAILABILITY = YES_AGGRESSIVE;
				CLANG_WARN_UNREACHABLE_CODE = YES;
				CLANG_WARN__DUPLICATE_METHOD_MATCH = YES;
				COPY_PHASE_STRIP = NO;
				DEBUG_INFORMATION_FORMAT = dwarf;
				ENABLE_STRICT_OBJC_MSGSEND = YES;
				ENABLE_TESTABILITY = YES;
				GCC_C_LANGUAGE_STANDARD = gnu11;
				GCC_DYNAMIC_NO_PIC = NO;
				GCC_NO_COMMON_BLOCKS = YES;
				GCC_OPTIMIZATION_LEVEL = 0;
				GCC_PREPROCESSOR_DEFINITIONS = (
					"DEBUG=1",
					"$(inherited)",
				);
				GCC_WARN_64_TO_32_BIT_CONVERSION = YES;
				GCC_WARN_ABOUT_RETURN_TYPE = YES_ERROR;
				GCC_WARN_UNDECLARED_SELECTOR = YES;
				GCC_WARN_UNINITIALIZED_AUTOS = YES_AGGRESSIVE;
				GCC_WARN_UNUSED_FUNCTION = YES;
				GCC_WARN_UNUSED_VARIABLE = YES;
				IPHONEOS_DEPLOYMENT_TARGET = 13.4;
				MTL_ENABLE_DEBUG_INFO = INCLUDE_SOURCE;
				MTL_FAST_MATH = YES;
				ONLY_ACTIVE_ARCH = YES;
				SDKROOT = iphoneos;
				SWIFT_ACTIVE_COMPILATION_CONDITIONS = DEBUG;
				SWIFT_OPTIMIZATION_LEVEL = "-Onone";
			};
			name = Debug;
		};
		9750878A2465EC8800F75C5F /* Release */ = {
			isa = XCBuildConfiguration;
			buildSettings = {
				ALWAYS_SEARCH_USER_PATHS = NO;
				CLANG_ANALYZER_NONNULL = YES;
				CLANG_ANALYZER_NUMBER_OBJECT_CONVERSION = YES_AGGRESSIVE;
				CLANG_CXX_LANGUAGE_STANDARD = "gnu++14";
				CLANG_CXX_LIBRARY = "libc++";
				CLANG_ENABLE_MODULES = YES;
				CLANG_ENABLE_OBJC_ARC = YES;
				CLANG_ENABLE_OBJC_WEAK = YES;
				CLANG_WARN_BLOCK_CAPTURE_AUTORELEASING = YES;
				CLANG_WARN_BOOL_CONVERSION = YES;
				CLANG_WARN_COMMA = YES;
				CLANG_WARN_CONSTANT_CONVERSION = YES;
				CLANG_WARN_DEPRECATED_OBJC_IMPLEMENTATIONS = YES;
				CLANG_WARN_DIRECT_OBJC_ISA_USAGE = YES_ERROR;
				CLANG_WARN_DOCUMENTATION_COMMENTS = YES;
				CLANG_WARN_EMPTY_BODY = YES;
				CLANG_WARN_ENUM_CONVERSION = YES;
				CLANG_WARN_INFINITE_RECURSION = YES;
				CLANG_WARN_INT_CONVERSION = YES;
				CLANG_WARN_NON_LITERAL_NULL_CONVERSION = YES;
				CLANG_WARN_OBJC_IMPLICIT_RETAIN_SELF = YES;
				CLANG_WARN_OBJC_LITERAL_CONVERSION = YES;
				CLANG_WARN_OBJC_ROOT_CLASS = YES_ERROR;
				CLANG_WARN_RANGE_LOOP_ANALYSIS = YES;
				CLANG_WARN_STRICT_PROTOTYPES = YES;
				CLANG_WARN_SUSPICIOUS_MOVE = YES;
				CLANG_WARN_UNGUARDED_AVAILABILITY = YES_AGGRESSIVE;
				CLANG_WARN_UNREACHABLE_CODE = YES;
				CLANG_WARN__DUPLICATE_METHOD_MATCH = YES;
				COPY_PHASE_STRIP = NO;
				DEBUG_INFORMATION_FORMAT = "dwarf-with-dsym";
				ENABLE_NS_ASSERTIONS = NO;
				ENABLE_STRICT_OBJC_MSGSEND = YES;
				GCC_C_LANGUAGE_STANDARD = gnu11;
				GCC_NO_COMMON_BLOCKS = YES;
				GCC_WARN_64_TO_32_BIT_CONVERSION = YES;
				GCC_WARN_ABOUT_RETURN_TYPE = YES_ERROR;
				GCC_WARN_UNDECLARED_SELECTOR = YES;
				GCC_WARN_UNINITIALIZED_AUTOS = YES_AGGRESSIVE;
				GCC_WARN_UNUSED_FUNCTION = YES;
				GCC_WARN_UNUSED_VARIABLE = YES;
				IPHONEOS_DEPLOYMENT_TARGET = 13.4;
				MTL_ENABLE_DEBUG_INFO = NO;
				MTL_FAST_MATH = YES;
				SDKROOT = iphoneos;
				SWIFT_COMPILATION_MODE = wholemodule;
				SWIFT_OPTIMIZATION_LEVEL = "-O";
				VALIDATE_PRODUCT = YES;
			};
			name = Release;
		};
		9750878C2465EC8800F75C5F /* Debug */ = {
			isa = XCBuildConfiguration;
			buildSettings = {
				ASSETCATALOG_COMPILER_APPICON_NAME = AppIcon;
				CODE_SIGN_STYLE = Automatic;
				INFOPLIST_FILE = Udder/Info.plist;
				LD_RUNPATH_SEARCH_PATHS = (
					"$(inherited)",
					"@executable_path/Frameworks",
				);
				PRODUCT_BUNDLE_IDENTIFIER = companz.Udder;
				PRODUCT_NAME = "$(TARGET_NAME)";
				SWIFT_VERSION = 5.0;
				TARGETED_DEVICE_FAMILY = "1,2";
			};
			name = Debug;
		};
		9750878D2465EC8800F75C5F /* Release */ = {
			isa = XCBuildConfiguration;
			buildSettings = {
				ASSETCATALOG_COMPILER_APPICON_NAME = AppIcon;
				CODE_SIGN_STYLE = Automatic;
				INFOPLIST_FILE = Udder/Info.plist;
				LD_RUNPATH_SEARCH_PATHS = (
					"$(inherited)",
					"@executable_path/Frameworks",
				);
				PRODUCT_BUNDLE_IDENTIFIER = companz.Udder;
				PRODUCT_NAME = "$(TARGET_NAME)";
				SWIFT_VERSION = 5.0;
				TARGETED_DEVICE_FAMILY = "1,2";
			};
			name = Release;
		};
		9750878F2465EC8800F75C5F /* Debug */ = {
			isa = XCBuildConfiguration;
			buildSettings = {
				ALWAYS_EMBED_SWIFT_STANDARD_LIBRARIES = YES;
				BUNDLE_LOADER = "$(TEST_HOST)";
				CODE_SIGN_STYLE = Automatic;
				INFOPLIST_FILE = UdderTests/Info.plist;
				IPHONEOS_DEPLOYMENT_TARGET = 13.4;
				LD_RUNPATH_SEARCH_PATHS = (
					"$(inherited)",
					"@executable_path/Frameworks",
					"@loader_path/Frameworks",
				);
				PRODUCT_BUNDLE_IDENTIFIER = companz.UdderTests;
				PRODUCT_NAME = "$(TARGET_NAME)";
				SWIFT_VERSION = 5.0;
				TARGETED_DEVICE_FAMILY = "1,2";
				TEST_HOST = "$(BUILT_PRODUCTS_DIR)/Udder.app/Udder";
			};
			name = Debug;
		};
		975087902465EC8800F75C5F /* Release */ = {
			isa = XCBuildConfiguration;
			buildSettings = {
				ALWAYS_EMBED_SWIFT_STANDARD_LIBRARIES = YES;
				BUNDLE_LOADER = "$(TEST_HOST)";
				CODE_SIGN_STYLE = Automatic;
				INFOPLIST_FILE = UdderTests/Info.plist;
				IPHONEOS_DEPLOYMENT_TARGET = 13.4;
				LD_RUNPATH_SEARCH_PATHS = (
					"$(inherited)",
					"@executable_path/Frameworks",
					"@loader_path/Frameworks",
				);
				PRODUCT_BUNDLE_IDENTIFIER = companz.UdderTests;
				PRODUCT_NAME = "$(TARGET_NAME)";
				SWIFT_VERSION = 5.0;
				TARGETED_DEVICE_FAMILY = "1,2";
				TEST_HOST = "$(BUILT_PRODUCTS_DIR)/Udder.app/Udder";
			};
			name = Release;
		};
		975087922465EC8800F75C5F /* Debug */ = {
			isa = XCBuildConfiguration;
			buildSettings = {
				ALWAYS_EMBED_SWIFT_STANDARD_LIBRARIES = YES;
				CODE_SIGN_STYLE = Automatic;
				INFOPLIST_FILE = UdderUITests/Info.plist;
				LD_RUNPATH_SEARCH_PATHS = (
					"$(inherited)",
					"@executable_path/Frameworks",
					"@loader_path/Frameworks",
				);
				PRODUCT_BUNDLE_IDENTIFIER = companz.UdderUITests;
				PRODUCT_NAME = "$(TARGET_NAME)";
				SWIFT_VERSION = 5.0;
				TARGETED_DEVICE_FAMILY = "1,2";
				TEST_TARGET_NAME = Udder;
			};
			name = Debug;
		};
		975087932465EC8800F75C5F /* Release */ = {
			isa = XCBuildConfiguration;
			buildSettings = {
				ALWAYS_EMBED_SWIFT_STANDARD_LIBRARIES = YES;
				CODE_SIGN_STYLE = Automatic;
				INFOPLIST_FILE = UdderUITests/Info.plist;
				LD_RUNPATH_SEARCH_PATHS = (
					"$(inherited)",
					"@executable_path/Frameworks",
					"@loader_path/Frameworks",
				);
				PRODUCT_BUNDLE_IDENTIFIER = companz.UdderUITests;
				PRODUCT_NAME = "$(TARGET_NAME)";
				SWIFT_VERSION = 5.0;
				TARGETED_DEVICE_FAMILY = "1,2";
				TEST_TARGET_NAME = Udder;
			};
			name = Release;
		};
/* End XCBuildConfiguration section */

/* Begin XCConfigurationList section */
		9750875C2465EC8500F75C5F /* Build configuration list for PBXProject "Udder" */ = {
			isa = XCConfigurationList;
			buildConfigurations = (
				975087892465EC8800F75C5F /* Debug */,
				9750878A2465EC8800F75C5F /* Release */,
			);
			defaultConfigurationIsVisible = 0;
			defaultConfigurationName = Release;
		};
		9750878B2465EC8800F75C5F /* Build configuration list for PBXNativeTarget "Udder" */ = {
			isa = XCConfigurationList;
			buildConfigurations = (
				9750878C2465EC8800F75C5F /* Debug */,
				9750878D2465EC8800F75C5F /* Release */,
			);
			defaultConfigurationIsVisible = 0;
			defaultConfigurationName = Release;
		};
		9750878E2465EC8800F75C5F /* Build configuration list for PBXNativeTarget "UdderTests" */ = {
			isa = XCConfigurationList;
			buildConfigurations = (
				9750878F2465EC8800F75C5F /* Debug */,
				975087902465EC8800F75C5F /* Release */,
			);
			defaultConfigurationIsVisible = 0;
			defaultConfigurationName = Release;
		};
		975087912465EC8800F75C5F /* Build configuration list for PBXNativeTarget "UdderUITests" */ = {
			isa = XCConfigurationList;
			buildConfigurations = (
				975087922465EC8800F75C5F /* Debug */,
				975087932465EC8800F75C5F /* Release */,
			);
			defaultConfigurationIsVisible = 0;
			defaultConfigurationName = Release;
		};
/* End XCConfigurationList section */
	};
	rootObject = 975087592465EC8500F75C5F /* Project object */;
}
